
Microsoft Visual Studio Solution File, Format Version 12.00
# Visual Studio Version 17
VisualStudioVersion = 17.4.33213.308
MinimumVisualStudioVersion = 10.0.40219.1
Project("{FAE04EC0-301F-11D3-BF4B-00C04F79EFBC}") = "Jogoxadrez_Console", "Jogoxadrez_Console\Jogoxadrez_Console.csproj", "{C95D0384-6192-4FC2-A69D-131735962A31}"
EndProject
Global
	GlobalSection(SolutionConfigurationPlatforms) = preSolution
		Debug|Any CPU = Debug|Any CPU
		Release|Any CPU = Release|Any CPU
	EndGlobalSection
	GlobalSection(ProjectConfigurationPlatforms) = postSolution
		{C95D0384-6192-4FC2-A69D-131735962A31}.Debug|Any CPU.ActiveCfg = Debug|Any CPU
		{C95D0384-6192-4FC2-A69D-131735962A31}.Debug|Any CPU.Build.0 = Debug|Any CPU
		{C95D0384-6192-4FC2-A69D-131735962A31}.Release|Any CPU.ActiveCfg = Release|Any CPU
		{C95D0384-6192-4FC2-A69D-131735962A31}.Release|Any CPU.Build.0 = Release|Any CPU
	EndGlobalSection
	GlobalSection(SolutionProperties) = preSolution
		HideSolutionNode = FALSE
	EndGlobalSection
	GlobalSection(ExtensibilityGlobals) = postSolution
		SolutionGuid = {2339D325-73FF-44E1-842F-2336A364C99E}
	EndGlobalSection
EndGlobal
